{
  "name": "reincarnation-life",
  "version": "0.2.0",
  "lockfileVersion": 3,
  "requires": true,
  "packages": {
    "": {
      "name": "reincarnation-life",
      "version": "0.2.0",
      "devDependencies": {
        "@cocos/creator-types": "3.8.8",
        "typescript": "5.8.3"
      }
    },
    "node_modules/@cocos/creator-types": {
      "version": "3.8.8",
      "resolved": "https://registry.npmmirror.com/@cocos/creator-types/-/creator-types-3.8.8.tgz",
      "integrity": "sha512-VAn8lWxUZ7LwPWwU/Lj7BOjsy0EoNFtjTqO7jz9bysYdjAJu7Jht/WKJbWYNHeZEC/omE7rTw98giuVRiTuELg==",
      "dev": true,
      "license": "ISC"
    },
    "node_modules/typescript": {
      "version": "5.8.3",
      "resolved": "https://registry.npmmirror.com/typescript/-/typescript-5.8.3.tgz",
      "integrity": "sha512-p1diW6TqL9L07nNxvRMM7hMMw4c5XOo/1ibL4aAIGmSAt9slTE1Xgw5KWuof2uTOvCg9BY7ZRi+GaF+7sfgPeQ==",
      "dev": true,
      "license": "Apache-2.0",
      "bin": {
        "tsc": "bin/tsc",
        "tsserver": "bin/tsserver"
      },
      "engines": {
        "node": ">=14.17"
      }
    }
  }
}
